
Microsoft Visual Studio Solution File, Format Version 12.00
# Visual Studio Version 16
VisualStudioVersion = 16.0.30611.23
MinimumVisualStudioVersion = 10.0.40219.1
Project("{9A19103F-16F7-4668-BE54-9A1E7A4F7556}") = "DataAccess", "DataAccess\DataAccess.csproj", "{6EF80B78-8B8C-497C-9B4F-D1D7B2129D8E}"
EndProject
Project("{9A19103F-16F7-4668-BE54-9A1E7A4F7556}") = "Business", "Business\Business.csproj", "{92C5A052-92D6-498B-AABE-2DE93175D914}"
EndProject
Project("{9A19103F-16F7-4668-BE54-9A1E7A4F7556}") = "Entities", "Entities\Entities.csproj", "{12F60256-BDB6-43F6-A2A9-AA0F1E79D2CA}"
EndProject
Project("{9A19103F-16F7-4668-BE54-9A1E7A4F7556}") = "ConsoleUI", "ConsoleUI\ConsoleUI.csproj", "{E369FA09-1860-4B30-BE21-6C74B16E4F0E}"
EndProject
Project("{9A19103F-16F7-4668-BE54-9A1E7A4F7556}") = "Core", "Core\Core.csproj", "{D32189F0-92EC-4339-BDD4-B189A4056186}"
EndProject
Project("{FAE04EC0-301F-11D3-BF4B-00C04F79EFBC}") = "WebAPI", "WebAPI\WebAPI.csproj", "{F273AD21-A194-437D-9F97-2F9EFDCF84F4}"
EndProject
Global
	GlobalSection(SolutionConfigurationPlatforms) = preSolution
		Debug|Any CPU = Debug|Any CPU
		Release|Any CPU = Release|Any CPU
	EndGlobalSection
	GlobalSection(ProjectConfigurationPlatforms) = postSolution
		{6EF80B78-8B8C-497C-9B4F-D1D7B2129D8E}.Debug|Any CPU.ActiveCfg = Debug|Any CPU
		{6EF80B78-8B8C-497C-9B4F-D1D7B2129D8E}.Debug|Any CPU.Build.0 = Debug|Any CPU
		{6EF80B78-8B8C-497C-9B4F-D1D7B2129D8E}.Release|Any CPU.ActiveCfg = Release|Any CPU
		{6EF80B78-8B8C-497C-9B4F-D1D7B2129D8E}.Release|Any CPU.Build.0 = Release|Any CPU
		{92C5A052-92D6-498B-AABE-2DE93175D914}.Debug|Any CPU.ActiveCfg = Debug|Any CPU
		{92C5A052-92D6-498B-AABE-2DE93175D914}.Debug|Any CPU.Build.0 = Debug|Any CPU
		{92C5A052-92D6-498B-AABE-2DE93175D914}.Release|Any CPU.ActiveCfg = Release|Any CPU
		{92C5A052-92D6-498B-AABE-2DE93175D914}.Release|Any CPU.Build.0 = Release|Any CPU
		{12F60256-BDB6-43F6-A2A9-AA0F1E79D2CA}.Debug|Any CPU.ActiveCfg = Debug|Any CPU
		{12F60256-BDB6-43F6-A2A9-AA0F1E79D2CA}.Debug|Any CPU.Build.0 = Debug|Any CPU
		{12F60256-BDB6-43F6-A2A9-AA0F1E79D2CA}.Release|Any CPU.ActiveCfg = Release|Any CPU
		{12F60256-BDB6-43F6-A2A9-AA0F1E79D2CA}.Release|Any CPU.Build.0 = Release|Any CPU
		{E369FA09-1860-4B30-BE21-6C74B16E4F0E}.Debug|Any CPU.ActiveCfg = Debug|Any CPU
		{E369FA09-1860-4B30-BE21-6C74B16E4F0E}.Debug|Any CPU.Build.0 = Debug|Any CPU
		{E369FA09-1860-4B30-BE21-6C74B16E4F0E}.Release|Any CPU.ActiveCfg = Release|Any CPU
		{E369FA09-1860-4B30-BE21-6C74B16E4F0E}.Release|Any CPU.Build.0 = Release|Any CPU
		{D32189F0-92EC-4339-BDD4-B189A4056186}.Debug|Any CPU.ActiveCfg = Debug|Any CPU
		{D32189F0-92EC-4339-BDD4-B189A4056186}.Debug|Any CPU.Build.0 = Debug|Any CPU
		{D32189F0-92EC-4339-BDD4-B189A4056186}.Release|Any CPU.ActiveCfg = Release|Any CPU
		{D32189F0-92EC-4339-BDD4-B189A4056186}.Release|Any CPU.Build.0 = Release|Any CPU
		{F273AD21-A194-437D-9F97-2F9EFDCF84F4}.Debug|Any CPU.ActiveCfg = Debug|Any CPU
		{F273AD21-A194-437D-9F97-2F9EFDCF84F4}.Debug|Any CPU.Build.0 = Debug|Any CPU
		{F273AD21-A194-437D-9F97-2F9EFDCF84F4}.Release|Any CPU.ActiveCfg = Release|Any CPU
		{F273AD21-A194-437D-9F97-2F9EFDCF84F4}.Release|Any CPU.Build.0 = Release|Any CPU
	EndGlobalSection
	GlobalSection(SolutionProperties) = preSolution
		HideSolutionNode = FALSE
	EndGlobalSection
	GlobalSection(ExtensibilityGlobals) = postSolution
		SolutionGuid = {3C3B84A3-4008-433E-B372-78F2C4924C1E}
	EndGlobalSection
EndGlobal
